
Microsoft Visual Studio Solution File, Format Version 12.00
# Visual Studio Version 17
VisualStudioVersion = 17.4.33205.214
MinimumVisualStudioVersion = 10.0.40219.1
Project("{FAE04EC0-301F-11D3-BF4B-00C04F79EFBC}") = "BDserver", "BDserver\BDserver.csproj", "{CC4390B2-948E-47CE-91BA-A50B6356B793}"
EndProject
Project("{FAE04EC0-301F-11D3-BF4B-00C04F79EFBC}") = "Connection1", "Connection1\Connection1.csproj", "{13320EE1-04BE-4160-ACFD-11A47574D212}"
EndProject
Project("{FAE04EC0-301F-11D3-BF4B-00C04F79EFBC}") = "client", "client\client.csproj", "{BF785A76-7226-41FC-BF8A-EFFD179A9AF8}"
EndProject
Global
	GlobalSection(SolutionConfigurationPlatforms) = preSolution
		Debug|Any CPU = Debug|Any CPU
		Release|Any CPU = Release|Any CPU
	EndGlobalSection
	GlobalSection(ProjectConfigurationPlatforms) = postSolution
		{CC4390B2-948E-47CE-91BA-A50B6356B793}.Debug|Any CPU.ActiveCfg = Debug|Any CPU
		{CC4390B2-948E-47CE-91BA-A50B6356B793}.Debug|Any CPU.Build.0 = Debug|Any CPU
		{CC4390B2-948E-47CE-91BA-A50B6356B793}.Release|Any CPU.ActiveCfg = Release|Any CPU
		{CC4390B2-948E-47CE-91BA-A50B6356B793}.Release|Any CPU.Build.0 = Release|Any CPU
		{13320EE1-04BE-4160-ACFD-11A47574D212}.Debug|Any CPU.ActiveCfg = Debug|Any CPU
		{13320EE1-04BE-4160-ACFD-11A47574D212}.Debug|Any CPU.Build.0 = Debug|Any CPU
		{13320EE1-04BE-4160-ACFD-11A47574D212}.Release|Any CPU.ActiveCfg = Release|Any CPU
		{13320EE1-04BE-4160-ACFD-11A47574D212}.Release|Any CPU.Build.0 = Release|Any CPU
		{BF785A76-7226-41FC-BF8A-EFFD179A9AF8}.Debug|Any CPU.ActiveCfg = Debug|Any CPU
		{BF785A76-7226-41FC-BF8A-EFFD179A9AF8}.Debug|Any CPU.Build.0 = Debug|Any CPU
		{BF785A76-7226-41FC-BF8A-EFFD179A9AF8}.Release|Any CPU.ActiveCfg = Release|Any CPU
		{BF785A76-7226-41FC-BF8A-EFFD179A9AF8}.Release|Any CPU.Build.0 = Release|Any CPU
	EndGlobalSection
	GlobalSection(SolutionProperties) = preSolution
		HideSolutionNode = FALSE
	EndGlobalSection
	GlobalSection(ExtensibilityGlobals) = postSolution
		SolutionGuid = {7B940392-0C23-48F0-A260-B65990ECC629}
	EndGlobalSection
EndGlobal
